
Microsoft Visual Studio Solution File, Format Version 12.00
# Visual Studio Version 16
VisualStudioVersion = 16.0.29709.97
MinimumVisualStudioVersion = 10.0.40219.1
Project("{FAE04EC0-301F-11D3-BF4B-00C04F79EFBC}") = "OOP principles", "OOP principles\OOP principles.csproj", "{AB1F1C9E-5405-49C3-951C-668ADBD7345F}"
EndProject
Global
	GlobalSection(SolutionConfigurationPlatforms) = preSolution
		Debug|Any CPU = Debug|Any CPU
		Release|Any CPU = Release|Any CPU
	EndGlobalSection
	GlobalSection(ProjectConfigurationPlatforms) = postSolution
		{AB1F1C9E-5405-49C3-951C-668ADBD7345F}.Debug|Any CPU.ActiveCfg = Debug|Any CPU
		{AB1F1C9E-5405-49C3-951C-668ADBD7345F}.Debug|Any CPU.Build.0 = Debug|Any CPU
		{AB1F1C9E-5405-49C3-951C-668ADBD7345F}.Release|Any CPU.ActiveCfg = Release|Any CPU
		{AB1F1C9E-5405-49C3-951C-668ADBD7345F}.Release|Any CPU.Build.0 = Release|Any CPU
	EndGlobalSection
	GlobalSection(SolutionProperties) = preSolution
		HideSolutionNode = FALSE
	EndGlobalSection
	GlobalSection(ExtensibilityGlobals) = postSolution
		SolutionGuid = {AB1860FB-0817-400D-9579-9692C581D149}
	EndGlobalSection
EndGlobal
